// !$*UTF8*$!
{
	archiveVersion = 1;
	classes = {
	};
	objectVersion = 77;
	objects = {

/* Begin PBXBuildFile section */
		400000000000000000000001 /* WhereIsMyFriendApp.swift in Sources */ = {isa = PBXBuildFile; fileRef = 300000000000000000000008 /* WhereIsMyFriendApp.swift */; };
		400000000000000000000002 /* AppRootView.swift in Sources */ = {isa = PBXBuildFile; fileRef = 300000000000000000000009 /* AppRootView.swift */; };
		400000000000000000000003 /* AppShellView.swift in Sources */ = {isa = PBXBuildFile; fileRef = 300000000000000000000010 /* AppShellView.swift */; };
		400000000000000000000004 /* AppTheme.swift in Sources */ = {isa = PBXBuildFile; fileRef = 300000000000000000000012 /* AppTheme.swift */; };
		400000000000000000000005 /* FriendPresence.swift in Sources */ = {isa = PBXBuildFile; fileRef = 300000000000000000000013 /* FriendPresence.swift */; };
		400000000000000000000006 /* MockFriendData.swift in Sources */ = {isa = PBXBuildFile; fileRef = 300000000000000000000014 /* MockFriendData.swift */; };
		400000000000000000000007 /* SharedPresenceStore.swift in Sources */ = {isa = PBXBuildFile; fileRef = 300000000000000000000015 /* SharedPresenceStore.swift */; };
		400000000000000000000008 /* FriendAvatarView.swift in Sources */ = {isa = PBXBuildFile; fileRef = 300000000000000000000016 /* FriendAvatarView.swift */; };
		400000000000000000000009 /* FriendRowView.swift in Sources */ = {isa = PBXBuildFile; fileRef = 300000000000000000000017 /* FriendRowView.swift */; };
		400000000000000000000010 /* SameCityMomentCard.swift in Sources */ = {isa = PBXBuildFile; fileRef = 300000000000000000000018 /* SameCityMomentCard.swift */; };
		400000000000000000000011 /* OnboardingView.swift in Sources */ = {isa = PBXBuildFile; fileRef = 300000000000000000000019 /* OnboardingView.swift */; };
		400000000000000000000012 /* FriendsView.swift in Sources */ = {isa = PBXBuildFile; fileRef = 300000000000000000000020 /* FriendsView.swift */; };
		400000000000000000000013 /* FriendDetailView.swift in Sources */ = {isa = PBXBuildFile; fileRef = 300000000000000000000021 /* FriendDetailView.swift */; };
		400000000000000000000014 /* AddFriendView.swift in Sources */ = {isa = PBXBuildFile; fileRef = 300000000000000000000022 /* AddFriendView.swift */; };
		400000000000000000000015 /* SharingView.swift in Sources */ = {isa = PBXBuildFile; fileRef = 300000000000000000000023 /* SharingView.swift */; };
		400000000000000000000016 /* ProfileView.swift in Sources */ = {isa = PBXBuildFile; fileRef = 300000000000000000000024 /* ProfileView.swift */; };
		400000000000000000000017 /* Assets.xcassets in Resources */ = {isa = PBXBuildFile; fileRef = 300000000000000000000025 /* Assets.xcassets */; };
		400000000000000000000018 /* Localizable.xcstrings in Resources */ = {isa = PBXBuildFile; fileRef = 300000000000000000000026 /* Localizable.xcstrings */; };
		400000000000000000000019 /* WhereIsMyFriendWidgetBundle.swift in Sources */ = {isa = PBXBuildFile; fileRef = 300000000000000000000027 /* WhereIsMyFriendWidgetBundle.swift */; };
		400000000000000000000020 /* FriendWidget.swift in Sources */ = {isa = PBXBuildFile; fileRef = 300000000000000000000028 /* FriendWidget.swift */; };
		400000000000000000000021 /* FriendWidgetEntryView.swift in Sources */ = {isa = PBXBuildFile; fileRef = 300000000000000000000029 /* FriendWidgetEntryView.swift */; };
		400000000000000000000022 /* AppTheme.swift in Sources */ = {isa = PBXBuildFile; fileRef = 300000000000000000000012 /* AppTheme.swift */; };
		400000000000000000000023 /* FriendPresence.swift in Sources */ = {isa = PBXBuildFile; fileRef = 300000000000000000000013 /* FriendPresence.swift */; };
		400000000000000000000024 /* MockFriendData.swift in Sources */ = {isa = PBXBuildFile; fileRef = 300000000000000000000014 /* MockFriendData.swift */; };
		400000000000000000000025 /* SharedPresenceStore.swift in Sources */ = {isa = PBXBuildFile; fileRef = 300000000000000000000015 /* SharedPresenceStore.swift */; };
		400000000000000000000026 /* Where Is My Friend Widget.appex in Embed App Extensions */ = {isa = PBXBuildFile; fileRef = 300000000000000000000002 /* Where Is My Friend Widget.appex */; settings = {ATTRIBUTES = (RemoveHeadersOnCopy, ); }; };
		400000000000000000000027 /* FriendPresenceTests.swift in Sources */ = {isa = PBXBuildFile; fileRef = 300000000000000000000032 /* FriendPresenceTests.swift */; };
		400000000000000000000028 /* PrototypeUITests.swift in Sources */ = {isa = PBXBuildFile; fileRef = 300000000000000000000033 /* PrototypeUITests.swift */; };
		400000000000000000000029 /* Localizable.xcstrings in Resources */ = {isa = PBXBuildFile; fileRef = 300000000000000000000026 /* Localizable.xcstrings */; };
		400000000000000000000030 /* AppDomain.swift in Sources */ = {isa = PBXBuildFile; fileRef = 300000000000000000000035 /* AppDomain.swift */; };
		400000000000000000000031 /* AppRepository.swift in Sources */ = {isa = PBXBuildFile; fileRef = 300000000000000000000036 /* AppRepository.swift */; };
		400000000000000000000032 /* LocalDemoRepository.swift in Sources */ = {isa = PBXBuildFile; fileRef = 300000000000000000000037 /* LocalDemoRepository.swift */; };
		400000000000000000000033 /* RemoteAppRepository.swift in Sources */ = {isa = PBXBuildFile; fileRef = 300000000000000000000038 /* RemoteAppRepository.swift */; };
		400000000000000000000034 /* AppStore.swift in Sources */ = {isa = PBXBuildFile; fileRef = 300000000000000000000039 /* AppStore.swift */; };
		400000000000000000000035 /* PlatformServices.swift in Sources */ = {isa = PBXBuildFile; fileRef = 300000000000000000000040 /* PlatformServices.swift */; };
		400000000000000000000036 /* AuthenticationView.swift in Sources */ = {isa = PBXBuildFile; fileRef = 300000000000000000000041 /* AuthenticationView.swift */; };
		400000000000000000000037 /* NotificationHistoryView.swift in Sources */ = {isa = PBXBuildFile; fileRef = 300000000000000000000042 /* NotificationHistoryView.swift */; };
		400000000000000000000038 /* DemoLabView.swift in Sources */ = {isa = PBXBuildFile; fileRef = 300000000000000000000043 /* DemoLabView.swift */; };
		400000000000000000000039 /* AppDomain.swift in Sources */ = {isa = PBXBuildFile; fileRef = 300000000000000000000035 /* AppDomain.swift */; };
		400000000000000000000040 /* PrivacyInfo.xcprivacy in Resources */ = {isa = PBXBuildFile; fileRef = 300000000000000000000044 /* PrivacyInfo.xcprivacy */; };
		400000000000000000000041 /* PrivacyInfo.xcprivacy in Resources */ = {isa = PBXBuildFile; fileRef = 300000000000000000000045 /* PrivacyInfo.xcprivacy */; };
		400000000000000000000042 /* ClientReliability.swift in Sources */ = {isa = PBXBuildFile; fileRef = 300000000000000000000046 /* ClientReliability.swift */; };
		400000000000000000000043 /* Supabase in Frameworks */ = {isa = PBXBuildFile; productRef = A20000000000000000000001 /* Supabase */; };
		400000000000000000000044 /* FriendWidgetConfiguration.swift in Sources */ = {isa = PBXBuildFile; fileRef = 300000000000000000000047 /* FriendWidgetConfiguration.swift */; };
/* End PBXBuildFile section */

/* Begin PBXContainerItemProxy section */
		700000000000000000000001 /* PBXContainerItemProxy */ = {
			isa = PBXContainerItemProxy;
			containerPortal = 000000000000000000000001 /* Project object */;
			proxyType = 1;
			remoteGlobalIDString = 100000000000000000000002;
			remoteInfo = WhereIsMyFriendWidgetExtension;
		};
		700000000000000000000002 /* PBXContainerItemProxy */ = {
			isa = PBXContainerItemProxy;
			containerPortal = 000000000000000000000001 /* Project object */;
			proxyType = 1;
			remoteGlobalIDString = 100000000000000000000001;
			remoteInfo = WhereIsMyFriend;
		};
		700000000000000000000003 /* PBXContainerItemProxy */ = {
			isa = PBXContainerItemProxy;
			containerPortal = 000000000000000000000001 /* Project object */;
			proxyType = 1;
			remoteGlobalIDString = 100000000000000000000001;
			remoteInfo = WhereIsMyFriend;
		};
/* End PBXContainerItemProxy section */

/* Begin PBXCopyFilesBuildPhase section */
		500000000000000000000004 /* Embed App Extensions */ = {
			isa = PBXCopyFilesBuildPhase;
			buildActionMask = 2147483647;
			dstPath = "";
			dstSubfolderSpec = 13;
			files = (
				400000000000000000000026 /* Where Is My Friend Widget.appex in Embed App Extensions */,
			);
			name = "Embed App Extensions";
			runOnlyForDeploymentPostprocessing = 0;
		};
/* End PBXCopyFilesBuildPhase section */

/* Begin PBXFileReference section */
		300000000000000000000001 /* Where Is My Friend.app */ = {isa = PBXFileReference; explicitFileType = wrapper.application; includeInIndex = 0; path = "Where Is My Friend.app"; sourceTree = BUILT_PRODUCTS_DIR; };
		300000000000000000000002 /* Where Is My Friend Widget.appex */ = {isa = PBXFileReference; explicitFileType = "wrapper.app-extension"; includeInIndex = 0; path = "Where Is My Friend Widget.appex"; sourceTree = BUILT_PRODUCTS_DIR; };
		300000000000000000000003 /* WhereIsMyFriendTests.xctest */ = {isa = PBXFileReference; explicitFileType = wrapper.cfbundle; includeInIndex = 0; path = WhereIsMyFriendTests.xctest; sourceTree = BUILT_PRODUCTS_DIR; };
		300000000000000000000004 /* WhereIsMyFriendUITests.xctest */ = {isa = PBXFileReference; explicitFileType = wrapper.cfbundle; includeInIndex = 0; path = WhereIsMyFriendUITests.xctest; sourceTree = BUILT_PRODUCTS_DIR; };
		300000000000000000000005 /* README.md */ = {isa = PBXFileReference; lastKnownFileType = net.daringfireball.markdown; path = README.md; sourceTree = "<group>"; };
		300000000000000000000006 /* PLAN.md */ = {isa = PBXFileReference; lastKnownFileType = net.daringfireball.markdown; path = PLAN.md; sourceTree = "<group>"; };
		300000000000000000000007 /* DESIGN_SPEC.md */ = {isa = PBXFileReference; lastKnownFileType = net.daringfireball.markdown; path = DESIGN_SPEC.md; sourceTree = "<group>"; };
		300000000000000000000008 /* WhereIsMyFriendApp.swift */ = {isa = PBXFileReference; lastKnownFileType = sourcecode.swift; path = WhereIsMyFriendApp.swift; sourceTree = "<group>"; };
		300000000000000000000009 /* AppRootView.swift */ = {isa = PBXFileReference; lastKnownFileType = sourcecode.swift; path = AppRootView.swift; sourceTree = "<group>"; };
		300000000000000000000010 /* AppShellView.swift */ = {isa = PBXFileReference; lastKnownFileType = sourcecode.swift; path = AppShellView.swift; sourceTree = "<group>"; };
		300000000000000000000011 /* WhereIsMyFriend.entitlements */ = {isa = PBXFileReference; lastKnownFileType = text.plist.entitlements; path = WhereIsMyFriend.entitlements; sourceTree = "<group>"; };
		300000000000000000000012 /* AppTheme.swift */ = {isa = PBXFileReference; lastKnownFileType = sourcecode.swift; path = AppTheme.swift; sourceTree = "<group>"; };
		300000000000000000000013 /* FriendPresence.swift */ = {isa = PBXFileReference; lastKnownFileType = sourcecode.swift; path = FriendPresence.swift; sourceTree = "<group>"; };
		300000000000000000000014 /* MockFriendData.swift */ = {isa = PBXFileReference; lastKnownFileType = sourcecode.swift; path = MockFriendData.swift; sourceTree = "<group>"; };
		300000000000000000000015 /* SharedPresenceStore.swift */ = {isa = PBXFileReference; lastKnownFileType = sourcecode.swift; path = SharedPresenceStore.swift; sourceTree = "<group>"; };
		300000000000000000000016 /* FriendAvatarView.swift */ = {isa = PBXFileReference; lastKnownFileType = sourcecode.swift; path = FriendAvatarView.swift; sourceTree = "<group>"; };
		300000000000000000000017 /* FriendRowView.swift */ = {isa = PBXFileReference; lastKnownFileType = sourcecode.swift; path = FriendRowView.swift; sourceTree = "<group>"; };
		300000000000000000000018 /* SameCityMomentCard.swift */ = {isa = PBXFileReference; lastKnownFileType = sourcecode.swift; path = SameCityMomentCard.swift; sourceTree = "<group>"; };
		300000000000000000000019 /* OnboardingView.swift */ = {isa = PBXFileReference; lastKnownFileType = sourcecode.swift; path = OnboardingView.swift; sourceTree = "<group>"; };
		300000000000000000000020 /* FriendsView.swift */ = {isa = PBXFileReference; lastKnownFileType = sourcecode.swift; path = FriendsView.swift; sourceTree = "<group>"; };
		300000000000000000000021 /* FriendDetailView.swift */ = {isa = PBXFileReference; lastKnownFileType = sourcecode.swift; path = FriendDetailView.swift; sourceTree = "<group>"; };
		300000000000000000000022 /* AddFriendView.swift */ = {isa = PBXFileReference; lastKnownFileType = sourcecode.swift; path = AddFriendView.swift; sourceTree = "<group>"; };
		300000000000000000000023 /* SharingView.swift */ = {isa = PBXFileReference; lastKnownFileType = sourcecode.swift; path = SharingView.swift; sourceTree = "<group>"; };
		300000000000000000000024 /* ProfileView.swift */ = {isa = PBXFileReference; lastKnownFileType = sourcecode.swift; path = ProfileView.swift; sourceTree = "<group>"; };
		300000000000000000000025 /* Assets.xcassets */ = {isa = PBXFileReference; lastKnownFileType = folder.assetcatalog; path = Assets.xcassets; sourceTree = "<group>"; };
		300000000000000000000026 /* Localizable.xcstrings */ = {isa = PBXFileReference; lastKnownFileType = text.json.xcstrings; path = Localizable.xcstrings; sourceTree = "<group>"; };
		300000000000000000000027 /* WhereIsMyFriendWidgetBundle.swift */ = {isa = PBXFileReference; lastKnownFileType = sourcecode.swift; path = WhereIsMyFriendWidgetBundle.swift; sourceTree = "<group>"; };
		300000000000000000000028 /* FriendWidget.swift */ = {isa = PBXFileReference; lastKnownFileType = sourcecode.swift; path = FriendWidget.swift; sourceTree = "<group>"; };
		300000000000000000000029 /* FriendWidgetEntryView.swift */ = {isa = PBXFileReference; lastKnownFileType = sourcecode.swift; path = FriendWidgetEntryView.swift; sourceTree = "<group>"; };
		300000000000000000000030 /* Info.plist */ = {isa = PBXFileReference; lastKnownFileType = text.plist.xml; path = Info.plist; sourceTree = "<group>"; };
		300000000000000000000031 /* WhereIsMyFriendWidget.entitlements */ = {isa = PBXFileReference; lastKnownFileType = text.plist.entitlements; path = WhereIsMyFriendWidget.entitlements; sourceTree = "<group>"; };
		300000000000000000000032 /* FriendPresenceTests.swift */ = {isa = PBXFileReference; lastKnownFileType = sourcecode.swift; path = FriendPresenceTests.swift; sourceTree = "<group>"; };
		300000000000000000000033 /* PrototypeUITests.swift */ = {isa = PBXFileReference; lastKnownFileType = sourcecode.swift; path = PrototypeUITests.swift; sourceTree = "<group>"; };
		300000000000000000000034 /* Info.plist */ = {isa = PBXFileReference; lastKnownFileType = text.plist.xml; path = Info.plist; sourceTree = "<group>"; };
		300000000000000000000035 /* AppDomain.swift */ = {isa = PBXFileReference; lastKnownFileType = sourcecode.swift; path = AppDomain.swift; sourceTree = "<group>"; };
		300000000000000000000036 /* AppRepository.swift */ = {isa = PBXFileReference; lastKnownFileType = sourcecode.swift; path = AppRepository.swift; sourceTree = "<group>"; };
		300000000000000000000037 /* LocalDemoRepository.swift */ = {isa = PBXFileReference; lastKnownFileType = sourcecode.swift; path = LocalDemoRepository.swift; sourceTree = "<group>"; };
		300000000000000000000038 /* RemoteAppRepository.swift */ = {isa = PBXFileReference; lastKnownFileType = sourcecode.swift; path = RemoteAppRepository.swift; sourceTree = "<group>"; };
		300000000000000000000039 /* AppStore.swift */ = {isa = PBXFileReference; lastKnownFileType = sourcecode.swift; path = AppStore.swift; sourceTree = "<group>"; };
		300000000000000000000040 /* PlatformServices.swift */ = {isa = PBXFileReference; lastKnownFileType = sourcecode.swift; path = PlatformServices.swift; sourceTree = "<group>"; };
		300000000000000000000041 /* AuthenticationView.swift */ = {isa = PBXFileReference; lastKnownFileType = sourcecode.swift; path = AuthenticationView.swift; sourceTree = "<group>"; };
		300000000000000000000042 /* NotificationHistoryView.swift */ = {isa = PBXFileReference; lastKnownFileType = sourcecode.swift; path = NotificationHistoryView.swift; sourceTree = "<group>"; };
		300000000000000000000043 /* DemoLabView.swift */ = {isa = PBXFileReference; lastKnownFileType = sourcecode.swift; path = DemoLabView.swift; sourceTree = "<group>"; };
		300000000000000000000044 /* PrivacyInfo.xcprivacy */ = {isa = PBXFileReference; lastKnownFileType = text.xml; path = PrivacyInfo.xcprivacy; sourceTree = "<group>"; };
		300000000000000000000045 /* PrivacyInfo.xcprivacy */ = {isa = PBXFileReference; lastKnownFileType = text.xml; path = PrivacyInfo.xcprivacy; sourceTree = "<group>"; };
		300000000000000000000046 /* ClientReliability.swift */ = {isa = PBXFileReference; lastKnownFileType = sourcecode.swift; path = ClientReliability.swift; sourceTree = "<group>"; };
		300000000000000000000047 /* FriendWidgetConfiguration.swift */ = {isa = PBXFileReference; lastKnownFileType = sourcecode.swift; path = FriendWidgetConfiguration.swift; sourceTree = "<group>"; };
/* End PBXFileReference section */

/* Begin PBXFrameworksBuildPhase section */
		500000000000000000000002 /* Frameworks */ = {isa = PBXFrameworksBuildPhase; buildActionMask = 2147483647; files = (400000000000000000000043 /* Supabase in Frameworks */, ); runOnlyForDeploymentPostprocessing = 0; };
		500000000000000000000006 /* Frameworks */ = {isa = PBXFrameworksBuildPhase; buildActionMask = 2147483647; files = (); runOnlyForDeploymentPostprocessing = 0; };
		500000000000000000000009 /* Frameworks */ = {isa = PBXFrameworksBuildPhase; buildActionMask = 2147483647; files = (); runOnlyForDeploymentPostprocessing = 0; };
		500000000000000000000012 /* Frameworks */ = {isa = PBXFrameworksBuildPhase; buildActionMask = 2147483647; files = (); runOnlyForDeploymentPostprocessing = 0; };
/* End PBXFrameworksBuildPhase section */

/* Begin PBXGroup section */
		200000000000000000000001 = {
			isa = PBXGroup;
			children = (
				200000000000000000000003 /* WhereIsMyFriend */,
				200000000000000000000017 /* WhereIsMyFriendWidget */,
				200000000000000000000018 /* WhereIsMyFriendTests */,
				200000000000000000000019 /* WhereIsMyFriendUITests */,
				200000000000000000000020 /* docs */,
				300000000000000000000005 /* README.md */,
				300000000000000000000006 /* PLAN.md */,
				200000000000000000000002 /* Products */,
			);
			sourceTree = "<group>";
		};
		200000000000000000000002 /* Products */ = {
			isa = PBXGroup;
			children = (
				300000000000000000000001 /* Where Is My Friend.app */,
				300000000000000000000002 /* Where Is My Friend Widget.appex */,
				300000000000000000000003 /* WhereIsMyFriendTests.xctest */,
				300000000000000000000004 /* WhereIsMyFriendUITests.xctest */,
			);
			name = Products;
			sourceTree = "<group>";
		};
		200000000000000000000003 /* WhereIsMyFriend */ = {
			isa = PBXGroup;
			children = (
				200000000000000000000004 /* App */,
				200000000000000000000023 /* Core */,
				200000000000000000000005 /* Features */,
				200000000000000000000010 /* Shared */,
				200000000000000000000016 /* Resources */,
			);
			path = WhereIsMyFriend;
			sourceTree = "<group>";
		};
		200000000000000000000004 /* App */ = {
			isa = PBXGroup;
			children = (
				300000000000000000000008 /* WhereIsMyFriendApp.swift */,
				300000000000000000000009 /* AppRootView.swift */,
				300000000000000000000010 /* AppShellView.swift */,
				300000000000000000000011 /* WhereIsMyFriend.entitlements */,
				300000000000000000000034 /* Info.plist */,
			);
			path = App;
			sourceTree = "<group>";
		};
		200000000000000000000005 /* Features */ = {
			isa = PBXGroup;
			children = (
				200000000000000000000021 /* Auth */,
				200000000000000000000006 /* Onboarding */,
				200000000000000000000007 /* Friends */,
				200000000000000000000008 /* Sharing */,
				200000000000000000000009 /* Profile */,
				200000000000000000000022 /* Events */,
			);
			path = Features;
			sourceTree = "<group>";
		};
		200000000000000000000006 /* Onboarding */ = {isa = PBXGroup; children = (300000000000000000000019 /* OnboardingView.swift */, ); path = Onboarding; sourceTree = "<group>"; };
		200000000000000000000007 /* Friends */ = {isa = PBXGroup; children = (300000000000000000000020 /* FriendsView.swift */, 300000000000000000000021 /* FriendDetailView.swift */, 300000000000000000000022 /* AddFriendView.swift */, ); path = Friends; sourceTree = "<group>"; };
		200000000000000000000008 /* Sharing */ = {isa = PBXGroup; children = (300000000000000000000023 /* SharingView.swift */, ); path = Sharing; sourceTree = "<group>"; };
		200000000000000000000009 /* Profile */ = {isa = PBXGroup; children = (300000000000000000000024 /* ProfileView.swift */, 300000000000000000000043 /* DemoLabView.swift */, ); path = Profile; sourceTree = "<group>"; };
		200000000000000000000010 /* Shared */ = {
			isa = PBXGroup;
			children = (
				200000000000000000000011 /* DesignSystem */,
				200000000000000000000012 /* Models */,
				200000000000000000000013 /* Mock */,
				200000000000000000000014 /* Storage */,
				200000000000000000000015 /* Components */,
			);
			path = Shared;
			sourceTree = "<group>";
		};
		200000000000000000000011 /* DesignSystem */ = {isa = PBXGroup; children = (300000000000000000000012 /* AppTheme.swift */, ); path = DesignSystem; sourceTree = "<group>"; };
		200000000000000000000012 /* Models */ = {isa = PBXGroup; children = (300000000000000000000013 /* FriendPresence.swift */, 300000000000000000000035 /* AppDomain.swift */, ); path = Models; sourceTree = "<group>"; };
		200000000000000000000013 /* Mock */ = {isa = PBXGroup; children = (300000000000000000000014 /* MockFriendData.swift */, ); path = Mock; sourceTree = "<group>"; };
		200000000000000000000014 /* Storage */ = {isa = PBXGroup; children = (300000000000000000000015 /* SharedPresenceStore.swift */, ); path = Storage; sourceTree = "<group>"; };
		200000000000000000000015 /* Components */ = {isa = PBXGroup; children = (300000000000000000000016 /* FriendAvatarView.swift */, 300000000000000000000017 /* FriendRowView.swift */, 300000000000000000000018 /* SameCityMomentCard.swift */, ); path = Components; sourceTree = "<group>"; };
		200000000000000000000016 /* Resources */ = {isa = PBXGroup; children = (300000000000000000000025 /* Assets.xcassets */, 300000000000000000000026 /* Localizable.xcstrings */, 300000000000000000000044 /* PrivacyInfo.xcprivacy */, ); path = Resources; sourceTree = "<group>"; };
		200000000000000000000017 /* WhereIsMyFriendWidget */ = {
			isa = PBXGroup;
			children = (
				300000000000000000000027 /* WhereIsMyFriendWidgetBundle.swift */,
				300000000000000000000028 /* FriendWidget.swift */,
				300000000000000000000029 /* FriendWidgetEntryView.swift */,
				300000000000000000000047 /* FriendWidgetConfiguration.swift */,
				300000000000000000000030 /* Info.plist */,
				300000000000000000000031 /* WhereIsMyFriendWidget.entitlements */,
				300000000000000000000045 /* PrivacyInfo.xcprivacy */,
			);
			path = WhereIsMyFriendWidget;
			sourceTree = "<group>";
		};
		200000000000000000000018 /* WhereIsMyFriendTests */ = {isa = PBXGroup; children = (300000000000000000000032 /* FriendPresenceTests.swift */, ); path = WhereIsMyFriendTests; sourceTree = "<group>"; };
		200000000000000000000019 /* WhereIsMyFriendUITests */ = {isa = PBXGroup; children = (300000000000000000000033 /* PrototypeUITests.swift */, ); path = WhereIsMyFriendUITests; sourceTree = "<group>"; };
		200000000000000000000020 /* docs */ = {isa = PBXGroup; children = (300000000000000000000007 /* DESIGN_SPEC.md */, ); path = docs; sourceTree = "<group>"; };
		200000000000000000000021 /* Auth */ = {isa = PBXGroup; children = (300000000000000000000041 /* AuthenticationView.swift */, ); path = Auth; sourceTree = "<group>"; };
		200000000000000000000022 /* Events */ = {isa = PBXGroup; children = (300000000000000000000042 /* NotificationHistoryView.swift */, ); path = Events; sourceTree = "<group>"; };
		200000000000000000000023 /* Core */ = {isa = PBXGroup; children = (300000000000000000000036 /* AppRepository.swift */, 300000000000000000000037 /* LocalDemoRepository.swift */, 300000000000000000000038 /* RemoteAppRepository.swift */, 300000000000000000000039 /* AppStore.swift */, 300000000000000000000040 /* PlatformServices.swift */, 300000000000000000000046 /* ClientReliability.swift */, ); path = Core; sourceTree = "<group>"; };
/* End PBXGroup section */

/* Begin PBXNativeTarget section */
		100000000000000000000001 /* WhereIsMyFriend */ = {
			isa = PBXNativeTarget;
			buildConfigurationList = 900000000000000000000002 /* Build configuration list for PBXNativeTarget "WhereIsMyFriend" */;
			buildPhases = (
				500000000000000000000001 /* Sources */,
				500000000000000000000002 /* Frameworks */,
				500000000000000000000003 /* Resources */,
				500000000000000000000004 /* Embed App Extensions */,
			);
			buildRules = ();
			dependencies = (600000000000000000000001 /* PBXTargetDependency */, );
			name = WhereIsMyFriend;
			packageProductDependencies = (A20000000000000000000001 /* Supabase */, );
			productName = WhereIsMyFriend;
			productReference = 300000000000000000000001 /* Where Is My Friend.app */;
			productType = "com.apple.product-type.application";
		};
		100000000000000000000002 /* WhereIsMyFriendWidgetExtension */ = {
			isa = PBXNativeTarget;
			buildConfigurationList = 900000000000000000000003 /* Build configuration list for PBXNativeTarget "WhereIsMyFriendWidgetExtension" */;
			buildPhases = (500000000000000000000005 /* Sources */, 500000000000000000000006 /* Frameworks */, 500000000000000000000007 /* Resources */, );
			buildRules = ();
			dependencies = ();
			name = WhereIsMyFriendWidgetExtension;
			productName = WhereIsMyFriendWidgetExtension;
			productReference = 300000000000000000000002 /* Where Is My Friend Widget.appex */;
			productType = "com.apple.product-type.app-extension";
		};
		100000000000000000000003 /* WhereIsMyFriendTests */ = {
			isa = PBXNativeTarget;
			buildConfigurationList = 900000000000000000000004 /* Build configuration list for PBXNativeTarget "WhereIsMyFriendTests" */;
			buildPhases = (500000000000000000000008 /* Sources */, 500000000000000000000009 /* Frameworks */, 500000000000000000000010 /* Resources */, );
			buildRules = ();
			dependencies = (600000000000000000000002 /* PBXTargetDependency */, );
			name = WhereIsMyFriendTests;
			productName = WhereIsMyFriendTests;
			productReference = 300000000000000000000003 /* WhereIsMyFriendTests.xctest */;
			productType = "com.apple.product-type.bundle.unit-test";
		};
		100000000000000000000004 /* WhereIsMyFriendUITests */ = {
			isa = PBXNativeTarget;
			buildConfigurationList = 900000000000000000000005 /* Build configuration list for PBXNativeTarget "WhereIsMyFriendUITests" */;
			buildPhases = (500000000000000000000011 /* Sources */, 500000000000000000000012 /* Frameworks */, 500000000000000000000013 /* Resources */, );
			buildRules = ();
			dependencies = (600000000000000000000003 /* PBXTargetDependency */, );
			name = WhereIsMyFriendUITests;
			productName = WhereIsMyFriendUITests;
			productReference = 300000000000000000000004 /* WhereIsMyFriendUITests.xctest */;
			productType = "com.apple.product-type.bundle.ui-testing";
		};
/* End PBXNativeTarget section */

/* Begin PBXProject section */
		000000000000000000000001 /* Project object */ = {
			isa = PBXProject;
			attributes = {
				BuildIndependentTargetsInParallel = 1;
				LastSwiftUpdateCheck = 2640;
				LastUpgradeCheck = 2640;
				TargetAttributes = {
					100000000000000000000001 = {CreatedOnToolsVersion = 26.4.1; };
					100000000000000000000002 = {CreatedOnToolsVersion = 26.4.1; };
					100000000000000000000003 = {CreatedOnToolsVersion = 26.4.1; TestTargetID = 100000000000000000000001; };
					100000000000000000000004 = {CreatedOnToolsVersion = 26.4.1; TestTargetID = 100000000000000000000001; };
				};
			};
			buildConfigurationList = 900000000000000000000001 /* Build configuration list for PBXProject "WhereIsMyFriend" */;
			compatibilityVersion = "Xcode 16.0";
			developmentRegion = en;
			hasScannedForEncodings = 0;
			knownRegions = (en, Base, "zh-Hans", );
			mainGroup = 200000000000000000000001;
			packageReferences = (A10000000000000000000001 /* XCRemoteSwiftPackageReference "supabase-swift" */, );
			preferredProjectObjectVersion = 77;
			productRefGroup = 200000000000000000000002 /* Products */;
			projectDirPath = "";
			projectRoot = "";
			targets = (100000000000000000000001 /* WhereIsMyFriend */, 100000000000000000000002 /* WhereIsMyFriendWidgetExtension */, 100000000000000000000003 /* WhereIsMyFriendTests */, 100000000000000000000004 /* WhereIsMyFriendUITests */, );
		};
/* End PBXProject section */

/* Begin XCRemoteSwiftPackageReference section */
		A10000000000000000000001 /* XCRemoteSwiftPackageReference "supabase-swift" */ = {
			isa = XCRemoteSwiftPackageReference;
			repositoryURL = "https://github.com/supabase/supabase-swift.git";
			requirement = {kind = exactVersion; version = 2.54.1; };
		};
/* End XCRemoteSwiftPackageReference section */

/* Begin XCSwiftPackageProductDependency section */
		A20000000000000000000001 /* Supabase */ = {
			isa = XCSwiftPackageProductDependency;
			package = A10000000000000000000001 /* XCRemoteSwiftPackageReference "supabase-swift" */;
			productName = Supabase;
		};
/* End XCSwiftPackageProductDependency section */

/* Begin PBXResourcesBuildPhase section */
		500000000000000000000003 /* Resources */ = {isa = PBXResourcesBuildPhase; buildActionMask = 2147483647; files = (400000000000000000000017 /* Assets.xcassets in Resources */, 400000000000000000000018 /* Localizable.xcstrings in Resources */, 400000000000000000000040 /* PrivacyInfo.xcprivacy in Resources */, ); runOnlyForDeploymentPostprocessing = 0; };
		500000000000000000000007 /* Resources */ = {isa = PBXResourcesBuildPhase; buildActionMask = 2147483647; files = (400000000000000000000029 /* Localizable.xcstrings in Resources */, 400000000000000000000041 /* PrivacyInfo.xcprivacy in Resources */, ); runOnlyForDeploymentPostprocessing = 0; };
		500000000000000000000010 /* Resources */ = {isa = PBXResourcesBuildPhase; buildActionMask = 2147483647; files = (); runOnlyForDeploymentPostprocessing = 0; };
		500000000000000000000013 /* Resources */ = {isa = PBXResourcesBuildPhase; buildActionMask = 2147483647; files = (); runOnlyForDeploymentPostprocessing = 0; };
/* End PBXResourcesBuildPhase section */

/* Begin PBXSourcesBuildPhase section */
		500000000000000000000001 /* Sources */ = {
			isa = PBXSourcesBuildPhase;
			buildActionMask = 2147483647;
			files = (
				400000000000000000000030 /* AppDomain.swift in Sources */,
				400000000000000000000031 /* AppRepository.swift in Sources */,
				400000000000000000000032 /* LocalDemoRepository.swift in Sources */,
				400000000000000000000033 /* RemoteAppRepository.swift in Sources */,
				400000000000000000000034 /* AppStore.swift in Sources */,
				400000000000000000000035 /* PlatformServices.swift in Sources */,
				400000000000000000000036 /* AuthenticationView.swift in Sources */,
				400000000000000000000037 /* NotificationHistoryView.swift in Sources */,
				400000000000000000000038 /* DemoLabView.swift in Sources */,
				400000000000000000000042 /* ClientReliability.swift in Sources */,
				400000000000000000000001 /* WhereIsMyFriendApp.swift in Sources */,
				400000000000000000000002 /* AppRootView.swift in Sources */,
				400000000000000000000003 /* AppShellView.swift in Sources */,
				400000000000000000000004 /* AppTheme.swift in Sources */,
				400000000000000000000005 /* FriendPresence.swift in Sources */,
				400000000000000000000006 /* MockFriendData.swift in Sources */,
				400000000000000000000007 /* SharedPresenceStore.swift in Sources */,
				400000000000000000000008 /* FriendAvatarView.swift in Sources */,
				400000000000000000000009 /* FriendRowView.swift in Sources */,
				400000000000000000000010 /* SameCityMomentCard.swift in Sources */,
				400000000000000000000011 /* OnboardingView.swift in Sources */,
				400000000000000000000012 /* FriendsView.swift in Sources */,
				400000000000000000000013 /* FriendDetailView.swift in Sources */,
				400000000000000000000014 /* AddFriendView.swift in Sources */,
				400000000000000000000015 /* SharingView.swift in Sources */,
				400000000000000000000016 /* ProfileView.swift in Sources */,
			);
			runOnlyForDeploymentPostprocessing = 0;
		};
		500000000000000000000005 /* Sources */ = {isa = PBXSourcesBuildPhase; buildActionMask = 2147483647; files = (400000000000000000000019, 400000000000000000000020, 400000000000000000000021, 400000000000000000000022, 400000000000000000000023, 400000000000000000000024, 400000000000000000000025, 400000000000000000000039, 400000000000000000000044, ); runOnlyForDeploymentPostprocessing = 0; };
		500000000000000000000008 /* Sources */ = {isa = PBXSourcesBuildPhase; buildActionMask = 2147483647; files = (400000000000000000000027 /* FriendPresenceTests.swift in Sources */, ); runOnlyForDeploymentPostprocessing = 0; };
		500000000000000000000011 /* Sources */ = {isa = PBXSourcesBuildPhase; buildActionMask = 2147483647; files = (400000000000000000000028 /* PrototypeUITests.swift in Sources */, ); runOnlyForDeploymentPostprocessing = 0; };
/* End PBXSourcesBuildPhase section */

/* Begin PBXTargetDependency section */
		600000000000000000000001 /* PBXTargetDependency */ = {isa = PBXTargetDependency; target = 100000000000000000000002 /* WhereIsMyFriendWidgetExtension */; targetProxy = 700000000000000000000001 /* PBXContainerItemProxy */; };
		600000000000000000000002 /* PBXTargetDependency */ = {isa = PBXTargetDependency; target = 100000000000000000000001 /* WhereIsMyFriend */; targetProxy = 700000000000000000000002 /* PBXContainerItemProxy */; };
		600000000000000000000003 /* PBXTargetDependency */ = {isa = PBXTargetDependency; target = 100000000000000000000001 /* WhereIsMyFriend */; targetProxy = 700000000000000000000003 /* PBXContainerItemProxy */; };
/* End PBXTargetDependency section */

/* Begin XCBuildConfiguration section */
		800000000000000000000001 /* Debug */ = {
			isa = XCBuildConfiguration;
			buildSettings = {
				ALWAYS_SEARCH_USER_PATHS = NO;
				CLANG_ENABLE_MODULES = YES;
				CLANG_ENABLE_OBJC_ARC = YES;
				DEBUG_INFORMATION_FORMAT = dwarf;
				ENABLE_TESTABILITY = YES;
				GCC_C_LANGUAGE_STANDARD = gnu17;
				GCC_OPTIMIZATION_LEVEL = 0;
				GCC_PREPROCESSOR_DEFINITIONS = ("DEBUG=1", "$(inherited)", );
				IPHONEOS_DEPLOYMENT_TARGET = 18.0;
				MTL_ENABLE_DEBUG_INFO = INCLUDE_SOURCE;
				ONLY_ACTIVE_ARCH = YES;
				SDKROOT = iphoneos;
				SWIFT_ACTIVE_COMPILATION_CONDITIONS = DEBUG;
				SWIFT_OPTIMIZATION_LEVEL = "-Onone";
			};
			name = Debug;
		};
		800000000000000000000002 /* Release */ = {
			isa = XCBuildConfiguration;
			buildSettings = {
				ALWAYS_SEARCH_USER_PATHS = NO;
				CLANG_ENABLE_MODULES = YES;
				CLANG_ENABLE_OBJC_ARC = YES;
				DEBUG_INFORMATION_FORMAT = "dwarf-with-dsym";
				GCC_C_LANGUAGE_STANDARD = gnu17;
				IPHONEOS_DEPLOYMENT_TARGET = 18.0;
				MTL_ENABLE_DEBUG_INFO = NO;
				SDKROOT = iphoneos;
				SWIFT_COMPILATION_MODE = wholemodule;
		};
			name = Release;
		};
		800000000000000000000003 /* Debug */ = {isa = XCBuildConfiguration; buildSettings = {
			ASSETCATALOG_COMPILER_APPICON_NAME = AppIcon;
			ASSETCATALOG_COMPILER_GLOBAL_ACCENT_COLOR_NAME = AccentColor;
			CODE_SIGN_ENTITLEMENTS = WhereIsMyFriend/App/WhereIsMyFriend.entitlements;
			CODE_SIGN_STYLE = Automatic;
			CURRENT_PROJECT_VERSION = 1;
			DEVELOPMENT_TEAM = 93RUQ2A6KX;
			GENERATE_INFOPLIST_FILE = NO;
			INFOPLIST_FILE = WhereIsMyFriend/App/Info.plist;
			INFOPLIST_KEY_CFBundleDisplayName = "Where Is My Friend?";
			INFOPLIST_KEY_LSApplicationCategoryType = "public.app-category.social-networking";
			INFOPLIST_KEY_UIApplicationSceneManifest_Generation = YES;
			INFOPLIST_KEY_UIApplicationSupportsIndirectInputEvents = YES;
			INFOPLIST_KEY_UILaunchScreen_Generation = YES;
			IPHONEOS_DEPLOYMENT_TARGET = 18.0;
			MARKETING_VERSION = 0.1.0;
			PRODUCT_BUNDLE_IDENTIFIER = com.yangwy30.whereismyfriend;
			PRODUCT_MODULE_NAME = WhereIsMyFriend;
			PRODUCT_NAME = "Where Is My Friend";
			SUPPORTED_PLATFORMS = "iphoneos iphonesimulator";
			SWIFT_EMIT_LOC_STRINGS = YES;
			SWIFT_VERSION = 5.0;
			TARGETED_DEVICE_FAMILY = 1;
			WIF_ALLOWS_LOCAL_DEMO = YES;
			WIF_APP_GROUP = group.com.yangwy30.whereismyfriend;
			WIF_API_BASE_URL = "http://127.0.0.1:54321/functions/v1/api";
			WIF_APS_ENVIRONMENT = development;
			WIF_DISPLAY_NAME = "Where Is My Friend?";
			WIF_INVITE_BASE_URL = "";
			WIF_INVITE_HOST = invite.example.invalid;
			WIF_PRIVACY_POLICY_URL = "https://yangwy30.github.io/where-is-my-friend/privacy/";
			WIF_SUPABASE_PUBLISHABLE_KEY = "";
			WIF_SUPABASE_URL = "";
			WIF_URL_SCHEME = whereismyfriend;
		}; name = Debug; };
		800000000000000000000004 /* Release */ = {isa = XCBuildConfiguration; buildSettings = {
			ASSETCATALOG_COMPILER_APPICON_NAME = AppIcon;
			ASSETCATALOG_COMPILER_GLOBAL_ACCENT_COLOR_NAME = AccentColor;
			CODE_SIGN_ENTITLEMENTS = WhereIsMyFriend/App/WhereIsMyFriend.entitlements;
			CURRENT_PROJECT_VERSION = 1;
			GENERATE_INFOPLIST_FILE = NO;
			INFOPLIST_FILE = WhereIsMyFriend/App/Info.plist;
			INFOPLIST_KEY_CFBundleDisplayName = "Where Is My Friend?";
			INFOPLIST_KEY_LSApplicationCategoryType = "public.app-category.social-networking";
			INFOPLIST_KEY_UIApplicationSceneManifest_Generation = YES;
			INFOPLIST_KEY_UIApplicationSupportsIndirectInputEvents = YES;
			INFOPLIST_KEY_UILaunchScreen_Generation = YES;
			IPHONEOS_DEPLOYMENT_TARGET = 18.0;
			MARKETING_VERSION = 0.1.0;
			PRODUCT_BUNDLE_IDENTIFIER = com.yangwy30.whereismyfriend;
			PRODUCT_MODULE_NAME = WhereIsMyFriend;
			PRODUCT_NAME = "Where Is My Friend";
			SUPPORTED_PLATFORMS = "iphoneos iphonesimulator";
			SWIFT_EMIT_LOC_STRINGS = YES;
			SWIFT_VERSION = 5.0;
			TARGETED_DEVICE_FAMILY = 1;
			WIF_ALLOWS_LOCAL_DEMO = NO;
			WIF_APP_GROUP = group.com.yangwy30.whereismyfriend;
			WIF_API_BASE_URL = "https://api.example.invalid";
			WIF_APS_ENVIRONMENT = production;
			WIF_DISPLAY_NAME = "Where Is My Friend?";
			WIF_INVITE_BASE_URL = "";
			WIF_INVITE_HOST = invite.example.invalid;
			WIF_PRIVACY_POLICY_URL = "https://yangwy30.github.io/where-is-my-friend/privacy/";
			WIF_SUPABASE_PUBLISHABLE_KEY = "";
			WIF_SUPABASE_URL = "";
			WIF_URL_SCHEME = whereismyfriend;
		}; name = Release; };
		800000000000000000000005 /* Debug */ = {isa = XCBuildConfiguration; buildSettings = {
			APPLICATION_EXTENSION_API_ONLY = YES;
			CODE_SIGN_ENTITLEMENTS = WhereIsMyFriendWidget/WhereIsMyFriendWidget.entitlements;
			CODE_SIGN_STYLE = Automatic;
			CURRENT_PROJECT_VERSION = 1;
			DEVELOPMENT_TEAM = 93RUQ2A6KX;
			GENERATE_INFOPLIST_FILE = NO;
			INFOPLIST_FILE = WhereIsMyFriendWidget/Info.plist;
			IPHONEOS_DEPLOYMENT_TARGET = 18.0;
			LD_RUNPATH_SEARCH_PATHS = ("$(inherited)", "@executable_path/Frameworks", "@executable_path/../../Frameworks", );
			MARKETING_VERSION = 0.1.0;
			PRODUCT_BUNDLE_IDENTIFIER = com.yangwy30.whereismyfriend.widget;
			PRODUCT_NAME = "Where Is My Friend Widget";
			SKIP_INSTALL = YES;
			SUPPORTED_PLATFORMS = "iphoneos iphonesimulator";
			SWIFT_EMIT_LOC_STRINGS = YES;
			SWIFT_VERSION = 5.0;
			TARGETED_DEVICE_FAMILY = 1;
			WIF_APP_GROUP = group.com.yangwy30.whereismyfriend;
			WIF_URL_SCHEME = whereismyfriend;
		}; name = Debug; };
		800000000000000000000006 /* Release */ = {isa = XCBuildConfiguration; buildSettings = {
			APPLICATION_EXTENSION_API_ONLY = YES;
			CODE_SIGN_ENTITLEMENTS = WhereIsMyFriendWidget/WhereIsMyFriendWidget.entitlements;
			CURRENT_PROJECT_VERSION = 1;
			GENERATE_INFOPLIST_FILE = NO;
			INFOPLIST_FILE = WhereIsMyFriendWidget/Info.plist;
			IPHONEOS_DEPLOYMENT_TARGET = 18.0;
			LD_RUNPATH_SEARCH_PATHS = ("$(inherited)", "@executable_path/Frameworks", "@executable_path/../../Frameworks", );
			MARKETING_VERSION = 0.1.0;
			PRODUCT_BUNDLE_IDENTIFIER = com.yangwy30.whereismyfriend.widget;
			PRODUCT_NAME = "Where Is My Friend Widget";
			SKIP_INSTALL = YES;
			SUPPORTED_PLATFORMS = "iphoneos iphonesimulator";
			SWIFT_EMIT_LOC_STRINGS = YES;
			SWIFT_VERSION = 5.0;
			TARGETED_DEVICE_FAMILY = 1;
			WIF_APP_GROUP = group.com.yangwy30.whereismyfriend;
			WIF_URL_SCHEME = whereismyfriend;
		}; name = Release; };
		800000000000000000000007 /* Debug */ = {isa = XCBuildConfiguration; buildSettings = {
			BUNDLE_LOADER = "$(TEST_HOST)";
			GENERATE_INFOPLIST_FILE = YES;
			IPHONEOS_DEPLOYMENT_TARGET = 18.0;
			PRODUCT_BUNDLE_IDENTIFIER = com.yangwy30.whereismyfriend.tests;
			PRODUCT_NAME = "$(TARGET_NAME)";
			SUPPORTED_PLATFORMS = "iphoneos iphonesimulator";
			SWIFT_VERSION = 5.0;
			TARGETED_DEVICE_FAMILY = 1;
			TEST_HOST = "$(BUILT_PRODUCTS_DIR)/Where Is My Friend.app/$(BUNDLE_EXECUTABLE_FOLDER_PATH)/Where Is My Friend";
		}; name = Debug; };
		800000000000000000000008 /* Release */ = {isa = XCBuildConfiguration; buildSettings = {
			BUNDLE_LOADER = "$(TEST_HOST)";
			GENERATE_INFOPLIST_FILE = YES;
			IPHONEOS_DEPLOYMENT_TARGET = 18.0;
			PRODUCT_BUNDLE_IDENTIFIER = com.yangwy30.whereismyfriend.tests;
			PRODUCT_NAME = "$(TARGET_NAME)";
			SUPPORTED_PLATFORMS = "iphoneos iphonesimulator";
			SWIFT_VERSION = 5.0;
			TARGETED_DEVICE_FAMILY = 1;
			TEST_HOST = "$(BUILT_PRODUCTS_DIR)/Where Is My Friend.app/$(BUNDLE_EXECUTABLE_FOLDER_PATH)/Where Is My Friend";
		}; name = Release; };
		800000000000000000000009 /* Debug */ = {isa = XCBuildConfiguration; buildSettings = {
			GENERATE_INFOPLIST_FILE = YES;
			IPHONEOS_DEPLOYMENT_TARGET = 18.0;
			PRODUCT_BUNDLE_IDENTIFIER = com.yangwy30.whereismyfriend.uitests;
			PRODUCT_NAME = "$(TARGET_NAME)";
			SUPPORTED_PLATFORMS = "iphoneos iphonesimulator";
			SWIFT_VERSION = 5.0;
			TARGETED_DEVICE_FAMILY = 1;
			TEST_TARGET_NAME = WhereIsMyFriend;
		}; name = Debug; };
		800000000000000000000010 /* Release */ = {isa = XCBuildConfiguration; buildSettings = {
			GENERATE_INFOPLIST_FILE = YES;
			IPHONEOS_DEPLOYMENT_TARGET = 18.0;
			PRODUCT_BUNDLE_IDENTIFIER = com.yangwy30.whereismyfriend.uitests;
			PRODUCT_NAME = "$(TARGET_NAME)";
			SUPPORTED_PLATFORMS = "iphoneos iphonesimulator";
			SWIFT_VERSION = 5.0;
			TARGETED_DEVICE_FAMILY = 1;
			TEST_TARGET_NAME = WhereIsMyFriend;
		}; name = Release; };
		800000000000000000000011 /* Staging */ = {
			isa = XCBuildConfiguration;
			buildSettings = {
				ALWAYS_SEARCH_USER_PATHS = NO;
				CLANG_ENABLE_MODULES = YES;
				CLANG_ENABLE_OBJC_ARC = YES;
				DEBUG_INFORMATION_FORMAT = "dwarf-with-dsym";
				GCC_C_LANGUAGE_STANDARD = gnu17;
				IPHONEOS_DEPLOYMENT_TARGET = 18.0;
				MTL_ENABLE_DEBUG_INFO = NO;
				SDKROOT = iphoneos;
				SWIFT_COMPILATION_MODE = wholemodule;
			};
			name = Staging;
		};
		800000000000000000000012 /* Staging */ = {isa = XCBuildConfiguration; buildSettings = {
			ASSETCATALOG_COMPILER_APPICON_NAME = AppIcon;
			ASSETCATALOG_COMPILER_GLOBAL_ACCENT_COLOR_NAME = AccentColor;
			CODE_SIGN_ENTITLEMENTS = WhereIsMyFriend/App/WhereIsMyFriend.entitlements;
			CODE_SIGN_STYLE = Automatic;
			CURRENT_PROJECT_VERSION = 1;
			DEVELOPMENT_TEAM = 93RUQ2A6KX;
			GENERATE_INFOPLIST_FILE = NO;
			INFOPLIST_FILE = WhereIsMyFriend/App/Info.plist;
			INFOPLIST_KEY_CFBundleDisplayName = "Where Is My Friend? Staging";
			INFOPLIST_KEY_LSApplicationCategoryType = "public.app-category.social-networking";
			INFOPLIST_KEY_UIApplicationSceneManifest_Generation = YES;
			INFOPLIST_KEY_UIApplicationSupportsIndirectInputEvents = YES;
			INFOPLIST_KEY_UILaunchScreen_Generation = YES;
			IPHONEOS_DEPLOYMENT_TARGET = 18.0;
			MARKETING_VERSION = 0.1.0;
			PRODUCT_BUNDLE_IDENTIFIER = com.yangwy30.whereismyfriend.staging;
			PRODUCT_MODULE_NAME = WhereIsMyFriend;
			PRODUCT_NAME = "Where Is My Friend";
			SUPPORTED_PLATFORMS = "iphoneos iphonesimulator";
			SWIFT_EMIT_LOC_STRINGS = YES;
			SWIFT_VERSION = 5.0;
			TARGETED_DEVICE_FAMILY = 1;
			WIF_ALLOWS_LOCAL_DEMO = NO;
			WIF_APP_GROUP = group.com.yangwy30.whereismyfriend.staging;
			WIF_API_BASE_URL = "https://cdhpaujazbuppbxyhjxq.supabase.co/functions/v1/api";
			WIF_APS_ENVIRONMENT = development;
			WIF_DISPLAY_NAME = "Where Is My Friend Staging";
			WIF_INVITE_BASE_URL = "";
			WIF_INVITE_HOST = staging-invite.example.invalid;
			WIF_PRIVACY_POLICY_URL = "https://yangwy30.github.io/where-is-my-friend/privacy/";
			WIF_SUPABASE_PUBLISHABLE_KEY = sb_publishable_YwlGnoJufalF2R7YwaZCiQ_LRnuwRO5;
			WIF_SUPABASE_URL = "https://cdhpaujazbuppbxyhjxq.supabase.co";
			WIF_URL_SCHEME = whereismyfriend-staging;
		}; name = Staging; };
		800000000000000000000013 /* Staging */ = {isa = XCBuildConfiguration; buildSettings = {
			APPLICATION_EXTENSION_API_ONLY = YES;
			CODE_SIGN_ENTITLEMENTS = WhereIsMyFriendWidget/WhereIsMyFriendWidget.entitlements;
			CODE_SIGN_STYLE = Automatic;
			CURRENT_PROJECT_VERSION = 1;
			DEVELOPMENT_TEAM = 93RUQ2A6KX;
			GENERATE_INFOPLIST_FILE = NO;
			INFOPLIST_FILE = WhereIsMyFriendWidget/Info.plist;
			IPHONEOS_DEPLOYMENT_TARGET = 18.0;
			LD_RUNPATH_SEARCH_PATHS = ("$(inherited)", "@executable_path/Frameworks", "@executable_path/../../Frameworks", );
			MARKETING_VERSION = 0.1.0;
			PRODUCT_BUNDLE_IDENTIFIER = com.yangwy30.whereismyfriend.staging.widget;
			PRODUCT_NAME = "Where Is My Friend Widget";
			SKIP_INSTALL = YES;
			SUPPORTED_PLATFORMS = "iphoneos iphonesimulator";
			SWIFT_EMIT_LOC_STRINGS = YES;
			SWIFT_VERSION = 5.0;
			TARGETED_DEVICE_FAMILY = 1;
			WIF_APP_GROUP = group.com.yangwy30.whereismyfriend.staging;
			WIF_URL_SCHEME = whereismyfriend-staging;
		}; name = Staging; };
		800000000000000000000014 /* Staging */ = {isa = XCBuildConfiguration; buildSettings = {
			BUNDLE_LOADER = "$(TEST_HOST)";
			GENERATE_INFOPLIST_FILE = YES;
			IPHONEOS_DEPLOYMENT_TARGET = 18.0;
			PRODUCT_BUNDLE_IDENTIFIER = com.yangwy30.whereismyfriend.staging.tests;
			PRODUCT_NAME = "$(TARGET_NAME)";
			SUPPORTED_PLATFORMS = "iphoneos iphonesimulator";
			SWIFT_VERSION = 5.0;
			TARGETED_DEVICE_FAMILY = 1;
			TEST_HOST = "$(BUILT_PRODUCTS_DIR)/Where Is My Friend.app/$(BUNDLE_EXECUTABLE_FOLDER_PATH)/Where Is My Friend";
		}; name = Staging; };
		800000000000000000000015 /* Staging */ = {isa = XCBuildConfiguration; buildSettings = {
			GENERATE_INFOPLIST_FILE = YES;
			IPHONEOS_DEPLOYMENT_TARGET = 18.0;
			PRODUCT_BUNDLE_IDENTIFIER = com.yangwy30.whereismyfriend.staging.uitests;
			PRODUCT_NAME = "$(TARGET_NAME)";
			SUPPORTED_PLATFORMS = "iphoneos iphonesimulator";
			SWIFT_VERSION = 5.0;
			TARGETED_DEVICE_FAMILY = 1;
			TEST_TARGET_NAME = WhereIsMyFriend;
		}; name = Staging; };
		800000000000000000000016 /* Staging TestFlight */ = {
			isa = XCBuildConfiguration;
			buildSettings = {
				ALWAYS_SEARCH_USER_PATHS = NO;
				CLANG_ENABLE_MODULES = YES;
				CLANG_ENABLE_OBJC_ARC = YES;
				DEBUG_INFORMATION_FORMAT = "dwarf-with-dsym";
				GCC_C_LANGUAGE_STANDARD = gnu17;
				IPHONEOS_DEPLOYMENT_TARGET = 18.0;
				MTL_ENABLE_DEBUG_INFO = NO;
				SDKROOT = iphoneos;
				SWIFT_COMPILATION_MODE = wholemodule;
			};
			name = "Staging TestFlight";
		};
		800000000000000000000017 /* Staging TestFlight */ = {isa = XCBuildConfiguration; buildSettings = {
			ASSETCATALOG_COMPILER_APPICON_NAME = AppIcon;
			ASSETCATALOG_COMPILER_GLOBAL_ACCENT_COLOR_NAME = AccentColor;
			CODE_SIGN_ENTITLEMENTS = WhereIsMyFriend/App/WhereIsMyFriendTestFlight.entitlements;
			CODE_SIGN_STYLE = Automatic;
			CURRENT_PROJECT_VERSION = 5;
			DEVELOPMENT_TEAM = 93RUQ2A6KX;
			GENERATE_INFOPLIST_FILE = NO;
			INFOPLIST_FILE = WhereIsMyFriend/App/Info.plist;
			INFOPLIST_KEY_CFBundleDisplayName = "Where Is My Friend? Staging";
			INFOPLIST_KEY_LSApplicationCategoryType = "public.app-category.social-networking";
			INFOPLIST_KEY_UIApplicationSceneManifest_Generation = YES;
			INFOPLIST_KEY_UIApplicationSupportsIndirectInputEvents = YES;
			INFOPLIST_KEY_UILaunchScreen_Generation = YES;
			IPHONEOS_DEPLOYMENT_TARGET = 18.0;
			MARKETING_VERSION = 0.1.0;
			PRODUCT_BUNDLE_IDENTIFIER = com.yangwy30.whereismyfriend.staging;
			PRODUCT_MODULE_NAME = WhereIsMyFriend;
			PRODUCT_NAME = "Where Is My Friend";
			SUPPORTED_PLATFORMS = iphoneos;
			SWIFT_EMIT_LOC_STRINGS = YES;
			SWIFT_VERSION = 5.0;
			TARGETED_DEVICE_FAMILY = 1;
			VALIDATE_PRODUCT = YES;
			WIF_ALLOWS_LOCAL_DEMO = NO;
			WIF_APP_GROUP = group.com.yangwy30.whereismyfriend.staging;
			WIF_API_BASE_URL = "https://cdhpaujazbuppbxyhjxq.supabase.co/functions/v1/api";
			WIF_APS_ENVIRONMENT = production;
			WIF_DISPLAY_NAME = "Where Is My Friend Staging";
			WIF_INVITE_BASE_URL = "";
			WIF_INVITE_HOST = "";
			WIF_PRIVACY_POLICY_URL = "https://yangwy30.github.io/where-is-my-friend/privacy/";
			WIF_SUPABASE_PUBLISHABLE_KEY = sb_publishable_YwlGnoJufalF2R7YwaZCiQ_LRnuwRO5;
			WIF_SUPABASE_URL = "https://cdhpaujazbuppbxyhjxq.supabase.co";
			WIF_URL_SCHEME = whereismyfriend-staging;
		}; name = "Staging TestFlight"; };
		800000000000000000000018 /* Staging TestFlight */ = {isa = XCBuildConfiguration; buildSettings = {
			APPLICATION_EXTENSION_API_ONLY = YES;
			CODE_SIGN_ENTITLEMENTS = WhereIsMyFriendWidget/WhereIsMyFriendWidget.entitlements;
			CODE_SIGN_STYLE = Automatic;
			CURRENT_PROJECT_VERSION = 5;
			DEVELOPMENT_TEAM = 93RUQ2A6KX;
			GENERATE_INFOPLIST_FILE = NO;
			INFOPLIST_FILE = WhereIsMyFriendWidget/Info.plist;
			IPHONEOS_DEPLOYMENT_TARGET = 18.0;
			LD_RUNPATH_SEARCH_PATHS = ("$(inherited)", "@executable_path/Frameworks", "@executable_path/../../Frameworks", );
			MARKETING_VERSION = 0.1.0;
			PRODUCT_BUNDLE_IDENTIFIER = com.yangwy30.whereismyfriend.staging.widget;
			PRODUCT_NAME = "Where Is My Friend Widget";
			SKIP_INSTALL = YES;
			SUPPORTED_PLATFORMS = iphoneos;
			SWIFT_EMIT_LOC_STRINGS = YES;
			SWIFT_VERSION = 5.0;
			TARGETED_DEVICE_FAMILY = 1;
			VALIDATE_PRODUCT = YES;
			WIF_APP_GROUP = group.com.yangwy30.whereismyfriend.staging;
			WIF_URL_SCHEME = whereismyfriend-staging;
		}; name = "Staging TestFlight"; };
		800000000000000000000019 /* Staging TestFlight */ = {isa = XCBuildConfiguration; buildSettings = {
			BUNDLE_LOADER = "$(TEST_HOST)";
			GENERATE_INFOPLIST_FILE = YES;
			IPHONEOS_DEPLOYMENT_TARGET = 18.0;
			PRODUCT_BUNDLE_IDENTIFIER = com.yangwy30.whereismyfriend.staging.tests;
			PRODUCT_NAME = "$(TARGET_NAME)";
			SUPPORTED_PLATFORMS = "iphoneos iphonesimulator";
			SWIFT_VERSION = 5.0;
			TARGETED_DEVICE_FAMILY = 1;
			TEST_HOST = "$(BUILT_PRODUCTS_DIR)/Where Is My Friend.app/$(BUNDLE_EXECUTABLE_FOLDER_PATH)/Where Is My Friend";
		}; name = "Staging TestFlight"; };
		800000000000000000000020 /* Staging TestFlight */ = {isa = XCBuildConfiguration; buildSettings = {
			GENERATE_INFOPLIST_FILE = YES;
			IPHONEOS_DEPLOYMENT_TARGET = 18.0;
			PRODUCT_BUNDLE_IDENTIFIER = com.yangwy30.whereismyfriend.staging.uitests;
			PRODUCT_NAME = "$(TARGET_NAME)";
			SUPPORTED_PLATFORMS = "iphoneos iphonesimulator";
			SWIFT_VERSION = 5.0;
			TARGETED_DEVICE_FAMILY = 1;
			TEST_TARGET_NAME = WhereIsMyFriend;
		}; name = "Staging TestFlight"; };
/* End XCBuildConfiguration section */

/* Begin XCConfigurationList section */
		900000000000000000000001 /* Build configuration list for PBXProject "WhereIsMyFriend" */ = {isa = XCConfigurationList; buildConfigurations = (800000000000000000000001 /* Debug */, 800000000000000000000011 /* Staging */, 800000000000000000000016 /* Staging TestFlight */, 800000000000000000000002 /* Release */, ); defaultConfigurationIsVisible = 0; defaultConfigurationName = Release; };
		900000000000000000000002 /* Build configuration list for PBXNativeTarget "WhereIsMyFriend" */ = {isa = XCConfigurationList; buildConfigurations = (800000000000000000000003 /* Debug */, 800000000000000000000012 /* Staging */, 800000000000000000000017 /* Staging TestFlight */, 800000000000000000000004 /* Release */, ); defaultConfigurationIsVisible = 0; defaultConfigurationName = Release; };
		900000000000000000000003 /* Build configuration list for PBXNativeTarget "WhereIsMyFriendWidgetExtension" */ = {isa = XCConfigurationList; buildConfigurations = (800000000000000000000005 /* Debug */, 800000000000000000000013 /* Staging */, 800000000000000000000018 /* Staging TestFlight */, 800000000000000000000006 /* Release */, ); defaultConfigurationIsVisible = 0; defaultConfigurationName = Release; };
		900000000000000000000004 /* Build configuration list for PBXNativeTarget "WhereIsMyFriendTests" */ = {isa = XCConfigurationList; buildConfigurations = (800000000000000000000007 /* Debug */, 800000000000000000000014 /* Staging */, 800000000000000000000019 /* Staging TestFlight */, 800000000000000000000008 /* Release */, ); defaultConfigurationIsVisible = 0; defaultConfigurationName = Release; };
		900000000000000000000005 /* Build configuration list for PBXNativeTarget "WhereIsMyFriendUITests" */ = {isa = XCConfigurationList; buildConfigurations = (800000000000000000000009 /* Debug */, 800000000000000000000015 /* Staging */, 800000000000000000000020 /* Staging TestFlight */, 800000000000000000000010 /* Release */, ); defaultConfigurationIsVisible = 0; defaultConfigurationName = Release; };
/* End XCConfigurationList section */
	};
	rootObject = 000000000000000000000001 /* Project object */;
}
